
Microsoft Visual Studio Solution File, Format Version 12.00
# Visual Studio 15
VisualStudioVersion = 15.0.27428.2011
MinimumVisualStudioVersion = 10.0.40219.1
Project("{FAE04EC0-301F-11D3-BF4B-00C04F79EFBC}") = "DistributedGamePortal", "DistributedGamePortal\DistributedGamePortal.csproj", "{24CCBA56-CBE2-4FE0-A596-56B394ABB32C}"
EndProject
Global
	GlobalSection(SolutionConfigurationPlatforms) = preSolution
		Debug|Any CPU = Debug|Any CPU
		Release|Any CPU = Release|Any CPU
	EndGlobalSection
	GlobalSection(ProjectConfigurationPlatforms) = postSolution
		{24CCBA56-CBE2-4FE0-A596-56B394ABB32C}.Debug|Any CPU.ActiveCfg = Debug|Any CPU
		{24CCBA56-CBE2-4FE0-A596-56B394ABB32C}.Debug|Any CPU.Build.0 = Debug|Any CPU
		{24CCBA56-CBE2-4FE0-A596-56B394ABB32C}.Release|Any CPU.ActiveCfg = Release|Any CPU
		{24CCBA56-CBE2-4FE0-A596-56B394ABB32C}.Release|Any CPU.Build.0 = Release|Any CPU
	EndGlobalSection
	GlobalSection(SolutionProperties) = preSolution
		HideSolutionNode = FALSE
	EndGlobalSection
	GlobalSection(ExtensibilityGlobals) = postSolution
		SolutionGuid = {12B13F6C-5341-409E-96DE-811767909E45}
	EndGlobalSection
EndGlobal
