
Microsoft Visual Studio Solution File, Format Version 12.00
# Visual Studio 15
VisualStudioVersion = 15.0.27428.2027
MinimumVisualStudioVersion = 10.0.40219.1
Project("{E24C65DC-7377-472B-9ABA-BC803B73C61A}") = "DistributedGameWeb", "DistributedGameWeb\", "{5EF12512-AEA7-43DB-A7E9-8B54F160B6E9}"
	ProjectSection(WebsiteProperties) = preProject
		TargetFrameworkMoniker = ".NETFramework,Version%3Dv4.6.1"
		Debug.AspNetCompiler.VirtualPath = "/localhost_56734"
		Debug.AspNetCompiler.PhysicalPath = "DistributedGameWeb\"
		Debug.AspNetCompiler.TargetPath = "PrecompiledWeb\localhost_56734\"
		Debug.AspNetCompiler.Updateable = "true"
		Debug.AspNetCompiler.ForceOverwrite = "true"
		Debug.AspNetCompiler.FixedNames = "false"
		Debug.AspNetCompiler.Debug = "True"
		Release.AspNetCompiler.VirtualPath = "/localhost_56734"
		Release.AspNetCompiler.PhysicalPath = "DistributedGameWeb\"
		Release.AspNetCompiler.TargetPath = "PrecompiledWeb\localhost_56734\"
		Release.AspNetCompiler.Updateable = "true"
		Release.AspNetCompiler.ForceOverwrite = "true"
		Release.AspNetCompiler.FixedNames = "false"
		Release.AspNetCompiler.Debug = "False"
		VWDPort = "56734"
		SlnRelativePath = "DistributedGameWeb\"
		DefaultWebSiteLanguage = "Visual C#"
	EndProjectSection
EndProject
Global
	GlobalSection(SolutionConfigurationPlatforms) = preSolution
		Debug|Any CPU = Debug|Any CPU
	EndGlobalSection
	GlobalSection(ProjectConfigurationPlatforms) = postSolution
		{5EF12512-AEA7-43DB-A7E9-8B54F160B6E9}.Debug|Any CPU.ActiveCfg = Debug|Any CPU
		{5EF12512-AEA7-43DB-A7E9-8B54F160B6E9}.Debug|Any CPU.Build.0 = Debug|Any CPU
	EndGlobalSection
	GlobalSection(SolutionProperties) = preSolution
		HideSolutionNode = FALSE
	EndGlobalSection
	GlobalSection(ExtensibilityGlobals) = postSolution
		SolutionGuid = {40FFE4A1-ED39-4362-ADBE-9C2E1CABF7F8}
	EndGlobalSection
EndGlobal
