
Microsoft Visual Studio Solution File, Format Version 12.00
# Visual Studio 15
VisualStudioVersion = 15.0.27428.2011
MinimumVisualStudioVersion = 10.0.40219.1
Project("{FAE04EC0-301F-11D3-BF4B-00C04F79EFBC}") = "DistributedGameGUI", "DistributedGameGUI\DistributedGameGUI.csproj", "{D9D652B5-C66F-4C61-8351-E2EAAAE01B2A}"
EndProject
Global
	GlobalSection(SolutionConfigurationPlatforms) = preSolution
		Debug|Any CPU = Debug|Any CPU
		Release|Any CPU = Release|Any CPU
	EndGlobalSection
	GlobalSection(ProjectConfigurationPlatforms) = postSolution
		{D9D652B5-C66F-4C61-8351-E2EAAAE01B2A}.Debug|Any CPU.ActiveCfg = Debug|Any CPU
		{D9D652B5-C66F-4C61-8351-E2EAAAE01B2A}.Debug|Any CPU.Build.0 = Debug|Any CPU
		{D9D652B5-C66F-4C61-8351-E2EAAAE01B2A}.Release|Any CPU.ActiveCfg = Release|Any CPU
		{D9D652B5-C66F-4C61-8351-E2EAAAE01B2A}.Release|Any CPU.Build.0 = Release|Any CPU
	EndGlobalSection
	GlobalSection(SolutionProperties) = preSolution
		HideSolutionNode = FALSE
	EndGlobalSection
	GlobalSection(ExtensibilityGlobals) = postSolution
		SolutionGuid = {0E7DFAF3-7B97-48C2-A3C2-26C0A3E71A36}
	EndGlobalSection
EndGlobal
